{
  "name": "std-juan-diego-ordonez-londono",
  "lockfileVersion": 3,
  "requires": true,
  "packages": {
    "": {
      "dependencies": {
        "nicegui": "^0.1.4"
      }
    },
    "node_modules/nicegui": {
      "version": "0.1.4",
      "resolved": "https://registry.npmjs.org/nicegui/-/nicegui-0.1.4.tgz",
      "integrity": "sha512-l2cCVnEtxBvtuPAXmXL7r3t9K6yKysUhuEEdXVLneEClP9Gef8Yqt3hdn50UvE6FzeyYJ1E0cp1EerLkWkYPZw==",
      "hasInstallScript": true,
      "license": "MIT",
      "bin": {
        "nicegui": "dist/cli.js"
      }
    }
  }
}
